
Microsoft Visual Studio Solution File, Format Version 12.00
# Visual Studio Version 17
VisualStudioVersion = 17.9.34728.123
MinimumVisualStudioVersion = 10.0.40219.1
Project("{FAE04EC0-301F-11D3-BF4B-00C04F79EFBC}") = "SpawnWith", "SpawnWith.csproj", "{AD471CF6-7504-43C7-A92C-4D1FC170B4B7}"
EndProject
Global
	GlobalSection(SolutionConfigurationPlatforms) = preSolution
		Debug|Any CPU = Debug|Any CPU
		Release|Any CPU = Release|Any CPU
	EndGlobalSection
	GlobalSection(ProjectConfigurationPlatforms) = postSolution
		{AD471CF6-7504-43C7-A92C-4D1FC170B4B7}.Debug|Any CPU.ActiveCfg = Debug|Any CPU
		{AD471CF6-7504-43C7-A92C-4D1FC170B4B7}.Debug|Any CPU.Build.0 = Debug|Any CPU
		{AD471CF6-7504-43C7-A92C-4D1FC170B4B7}.Release|Any CPU.ActiveCfg = Release|Any CPU
		{AD471CF6-7504-43C7-A92C-4D1FC170B4B7}.Release|Any CPU.Build.0 = Release|Any CPU
	EndGlobalSection
	GlobalSection(SolutionProperties) = preSolution
		HideSolutionNode = FALSE
	EndGlobalSection
	GlobalSection(ExtensibilityGlobals) = postSolution
		SolutionGuid = {23FF9BE7-4890-4438-A331-132ED430C14E}
	EndGlobalSection
EndGlobal
